
Microsoft Visual Studio Solution File, Format Version 12.00
# Visual Studio Version 16
VisualStudioVersion = 16.0.30320.27
MinimumVisualStudioVersion = 10.0.40219.1
Project("{FAE04EC0-301F-11D3-BF4B-00C04F79EFBC}") = "OperatorExercise", "OperatorExercise\OperatorExercise.csproj", "{02C77B35-C5AA-4B3B-9342-93CE7A8C4C76}"
EndProject
Global
	GlobalSection(SolutionConfigurationPlatforms) = preSolution
		Debug|Any CPU = Debug|Any CPU
		Release|Any CPU = Release|Any CPU
	EndGlobalSection
	GlobalSection(ProjectConfigurationPlatforms) = postSolution
		{02C77B35-C5AA-4B3B-9342-93CE7A8C4C76}.Debug|Any CPU.ActiveCfg = Debug|Any CPU
		{02C77B35-C5AA-4B3B-9342-93CE7A8C4C76}.Debug|Any CPU.Build.0 = Debug|Any CPU
		{02C77B35-C5AA-4B3B-9342-93CE7A8C4C76}.Release|Any CPU.ActiveCfg = Release|Any CPU
		{02C77B35-C5AA-4B3B-9342-93CE7A8C4C76}.Release|Any CPU.Build.0 = Release|Any CPU
	EndGlobalSection
	GlobalSection(SolutionProperties) = preSolution
		HideSolutionNode = FALSE
	EndGlobalSection
	GlobalSection(ExtensibilityGlobals) = postSolution
		SolutionGuid = {508C972E-4A90-4D8A-8ADD-2BBDE26E02A1}
	EndGlobalSection
EndGlobal
