
Microsoft Visual Studio Solution File, Format Version 12.00
# Visual Studio Version 16
VisualStudioVersion = 16.0.30320.27
MinimumVisualStudioVersion = 10.0.40219.1
Project("{FAE04EC0-301F-11D3-BF4B-00C04F79EFBC}") = "SwitchStatements", "SwitchStatements\SwitchStatements.csproj", "{ED40550D-A319-40D7-9F7E-D4B91C915332}"
EndProject
Global
	GlobalSection(SolutionConfigurationPlatforms) = preSolution
		Debug|Any CPU = Debug|Any CPU
		Release|Any CPU = Release|Any CPU
	EndGlobalSection
	GlobalSection(ProjectConfigurationPlatforms) = postSolution
		{ED40550D-A319-40D7-9F7E-D4B91C915332}.Debug|Any CPU.ActiveCfg = Debug|Any CPU
		{ED40550D-A319-40D7-9F7E-D4B91C915332}.Debug|Any CPU.Build.0 = Debug|Any CPU
		{ED40550D-A319-40D7-9F7E-D4B91C915332}.Release|Any CPU.ActiveCfg = Release|Any CPU
		{ED40550D-A319-40D7-9F7E-D4B91C915332}.Release|Any CPU.Build.0 = Release|Any CPU
	EndGlobalSection
	GlobalSection(SolutionProperties) = preSolution
		HideSolutionNode = FALSE
	EndGlobalSection
	GlobalSection(ExtensibilityGlobals) = postSolution
		SolutionGuid = {719A39CB-08A4-4068-9E54-7A438B662716}
	EndGlobalSection
EndGlobal
